// !$*UTF8*$!
{
	archiveVersion = 1;
	classes = {
	};
	objectVersion = 46;
	objects = {

/* Begin PBXBuildFile section */
		4B7E89022171482F814ACB81 /* libPods.a in Frameworks */ = {isa = PBXBuildFile; fileRef = F6126AB5C4D046579560468E /* libPods.a */; };
		B397AE93171DF43700F09A3C /* UIKit.framework in Frameworks */ = {isa = PBXBuildFile; fileRef = B397AE92171DF43700F09A3C /* UIKit.framework */; };
		B397AE95171DF43700F09A3C /* Foundation.framework in Frameworks */ = {isa = PBXBuildFile; fileRef = B397AE94171DF43700F09A3C /* Foundation.framework */; };
		B397AE97171DF43700F09A3C /* CoreGraphics.framework in Frameworks */ = {isa = PBXBuildFile; fileRef = B397AE96171DF43700F09A3C /* CoreGraphics.framework */; };
		B397AE9D171DF43700F09A3C /* InfoPlist.strings in Resources */ = {isa = PBXBuildFile; fileRef = B397AE9B171DF43700F09A3C /* InfoPlist.strings */; };
		B397AE9F171DF43700F09A3C /* main.m in Sources */ = {isa = PBXBuildFile; fileRef = B397AE9E171DF43700F09A3C /* main.m */; };
		B397AEA3171DF43700F09A3C /* AXAppDelegate.m in Sources */ = {isa = PBXBuildFile; fileRef = B397AEA2171DF43700F09A3C /* AXAppDelegate.m */; };
		B397AEA5171DF43700F09A3C /* Default.png in Resources */ = {isa = PBXBuildFile; fileRef = B397AEA4171DF43700F09A3C /* Default.png */; };
		B397AEA7171DF43700F09A3C /* Default@2x.png in Resources */ = {isa = PBXBuildFile; fileRef = B397AEA6171DF43700F09A3C /* Default@2x.png */; };
		B397AEA9171DF43700F09A3C /* Default-568h@2x.png in Resources */ = {isa = PBXBuildFile; fileRef = B397AEA8171DF43700F09A3C /* Default-568h@2x.png */; };
		B397AEB1171DF4A500F09A3C /* AXAppDemoViewController.xib in Resources */ = {isa = PBXBuildFile; fileRef = B397AEB0171DF4A500F09A3C /* AXAppDemoViewController.xib */; };
		B397AEB4171DF6C000F09A3C /* AXAppDemoViewController.m in Sources */ = {isa = PBXBuildFile; fileRef = B397AEB3171DF6C000F09A3C /* AXAppDemoViewController.m */; };
		B397AEBD171DFD2500F09A3C /* AXMediaUploadController.m in Sources */ = {isa = PBXBuildFile; fileRef = B397AEBC171DFD2500F09A3C /* AXMediaUploadController.m */; };
		B397AEC0171E00AD00F09A3C /* AXMediaSelectionController.m in Sources */ = {isa = PBXBuildFile; fileRef = B397AEBF171E00AD00F09A3C /* AXMediaSelectionController.m */; };
		B397AEC2171E018D00F09A3C /* AssetsLibrary.framework in Frameworks */ = {isa = PBXBuildFile; fileRef = B397AEC1171E018D00F09A3C /* AssetsLibrary.framework */; };
		B397AEC8171E1E9600F09A3C /* ALAssetsLibrary+AXMediaUpload.m in Sources */ = {isa = PBXBuildFile; fileRef = B397AEC7171E1E9600F09A3C /* ALAssetsLibrary+AXMediaUpload.m */; };
		B397AECE171E207D00F09A3C /* AXMediaSelection.m in Sources */ = {isa = PBXBuildFile; fileRef = B397AECD171E207C00F09A3C /* AXMediaSelection.m */; };
/* End PBXBuildFile section */

/* Begin PBXFileReference section */
		6337CDE9C0AA439BA4837C3D /* Pods.xcconfig */ = {isa = PBXFileReference; includeInIndex = 1; lastKnownFileType = text.xcconfig; name = Pods.xcconfig; path = Pods/Pods.xcconfig; sourceTree = SOURCE_ROOT; };
		B397AE8F171DF43700F09A3C /* DemoApp.app */ = {isa = PBXFileReference; explicitFileType = wrapper.application; includeInIndex = 0; path = DemoApp.app; sourceTree = BUILT_PRODUCTS_DIR; };
		B397AE92171DF43700F09A3C /* UIKit.framework */ = {isa = PBXFileReference; includeInIndex = 1; lastKnownFileType = wrapper.framework; name = UIKit.framework; path = System/Library/Frameworks/UIKit.framework; sourceTree = SDKROOT; };
		B397AE94171DF43700F09A3C /* Foundation.framework */ = {isa = PBXFileReference; includeInIndex = 1; lastKnownFileType = wrapper.framework; name = Foundation.framework; path = System/Library/Frameworks/Foundation.framework; sourceTree = SDKROOT; };
		B397AE96171DF43700F09A3C /* CoreGraphics.framework */ = {isa = PBXFileReference; includeInIndex = 1; lastKnownFileType = wrapper.framework; name = CoreGraphics.framework; path = System/Library/Frameworks/CoreGraphics.framework; sourceTree = SDKROOT; };
		B397AE9A171DF43700F09A3C /* DemoApp-Info.plist */ = {isa = PBXFileReference; lastKnownFileType = text.plist.xml; path = "DemoApp-Info.plist"; sourceTree = "<group>"; };
		B397AE9C171DF43700F09A3C /* en */ = {isa = PBXFileReference; lastKnownFileType = text.plist.strings; name = en; path = en.lproj/InfoPlist.strings; sourceTree = "<group>"; };
		B397AE9E171DF43700F09A3C /* main.m */ = {isa = PBXFileReference; lastKnownFileType = sourcecode.c.objc; path = main.m; sourceTree = "<group>"; };
		B397AEA0171DF43700F09A3C /* DemoApp-Prefix.pch */ = {isa = PBXFileReference; lastKnownFileType = sourcecode.c.h; path = "DemoApp-Prefix.pch"; sourceTree = "<group>"; };
		B397AEA1171DF43700F09A3C /* AXAppDelegate.h */ = {isa = PBXFileReference; lastKnownFileType = sourcecode.c.h; path = AXAppDelegate.h; sourceTree = "<group>"; };
		B397AEA2171DF43700F09A3C /* AXAppDelegate.m */ = {isa = PBXFileReference; lastKnownFileType = sourcecode.c.objc; path = AXAppDelegate.m; sourceTree = "<group>"; };
		B397AEA4171DF43700F09A3C /* Default.png */ = {isa = PBXFileReference; lastKnownFileType = image.png; path = Default.png; sourceTree = "<group>"; };
		B397AEA6171DF43700F09A3C /* Default@2x.png */ = {isa = PBXFileReference; lastKnownFileType = image.png; path = "Default@2x.png"; sourceTree = "<group>"; };
		B397AEA8171DF43700F09A3C /* Default-568h@2x.png */ = {isa = PBXFileReference; lastKnownFileType = image.png; path = "Default-568h@2x.png"; sourceTree = "<group>"; };
		B397AEB0171DF4A500F09A3C /* AXAppDemoViewController.xib */ = {isa = PBXFileReference; fileEncoding = 4; lastKnownFileType = file.xib; path = AXAppDemoViewController.xib; sourceTree = "<group>"; };
		B397AEB2171DF6C000F09A3C /* AXAppDemoViewController.h */ = {isa = PBXFileReference; fileEncoding = 4; lastKnownFileType = sourcecode.c.h; path = AXAppDemoViewController.h; sourceTree = "<group>"; };
		B397AEB3171DF6C000F09A3C /* AXAppDemoViewController.m */ = {isa = PBXFileReference; fileEncoding = 4; lastKnownFileType = sourcecode.c.objc; path = AXAppDemoViewController.m; sourceTree = "<group>"; };
		B397AEB8171DFD0A00F09A3C /* AXMediaUpload.h */ = {isa = PBXFileReference; fileEncoding = 4; lastKnownFileType = sourcecode.c.h; name = AXMediaUpload.h; path = AXMediaUpload/AXMediaUpload.h; sourceTree = "<group>"; };
		B397AEBB171DFD2500F09A3C /* AXMediaUploadController.h */ = {isa = PBXFileReference; fileEncoding = 4; lastKnownFileType = sourcecode.c.h; name = AXMediaUploadController.h; path = AXMediaUpload/AXMediaUploadController.h; sourceTree = "<group>"; };
		B397AEBC171DFD2500F09A3C /* AXMediaUploadController.m */ = {isa = PBXFileReference; fileEncoding = 4; lastKnownFileType = sourcecode.c.objc; name = AXMediaUploadController.m; path = AXMediaUpload/AXMediaUploadController.m; sourceTree = "<group>"; };
		B397AEBE171E00AD00F09A3C /* AXMediaSelectionController.h */ = {isa = PBXFileReference; fileEncoding = 4; lastKnownFileType = sourcecode.c.h; name = AXMediaSelectionController.h; path = AXMediaUpload/AXMediaSelectionController.h; sourceTree = "<group>"; };
		B397AEBF171E00AD00F09A3C /* AXMediaSelectionController.m */ = {isa = PBXFileReference; fileEncoding = 4; lastKnownFileType = sourcecode.c.objc; name = AXMediaSelectionController.m; path = AXMediaUpload/AXMediaSelectionController.m; sourceTree = "<group>"; };
		B397AEC1171E018D00F09A3C /* AssetsLibrary.framework */ = {isa = PBXFileReference; lastKnownFileType = wrapper.framework; name = AssetsLibrary.framework; path = System/Library/Frameworks/AssetsLibrary.framework; sourceTree = SDKROOT; };
		B397AEC6171E1E9600F09A3C /* ALAssetsLibrary+AXMediaUpload.h */ = {isa = PBXFileReference; fileEncoding = 4; lastKnownFileType = sourcecode.c.h; name = "ALAssetsLibrary+AXMediaUpload.h"; path = "AXMediaUpload/ALAssetsLibrary+AXMediaUpload.h"; sourceTree = "<group>"; };
		B397AEC7171E1E9600F09A3C /* ALAssetsLibrary+AXMediaUpload.m */ = {isa = PBXFileReference; fileEncoding = 4; lastKnownFileType = sourcecode.c.objc; name = "ALAssetsLibrary+AXMediaUpload.m"; path = "AXMediaUpload/ALAssetsLibrary+AXMediaUpload.m"; sourceTree = "<group>"; };
		B397AECC171E207C00F09A3C /* AXMediaSelection.h */ = {isa = PBXFileReference; fileEncoding = 4; lastKnownFileType = sourcecode.c.h; name = AXMediaSelection.h; path = AXMediaUpload/AXMediaSelection.h; sourceTree = "<group>"; };
		B397AECD171E207C00F09A3C /* AXMediaSelection.m */ = {isa = PBXFileReference; fileEncoding = 4; lastKnownFileType = sourcecode.c.objc; name = AXMediaSelection.m; path = AXMediaUpload/AXMediaSelection.m; sourceTree = "<group>"; };
		F6126AB5C4D046579560468E /* libPods.a */ = {isa = PBXFileReference; explicitFileType = archive.ar; includeInIndex = 0; path = libPods.a; sourceTree = BUILT_PRODUCTS_DIR; };
/* End PBXFileReference section */

/* Begin PBXFrameworksBuildPhase section */
		B397AE8C171DF43700F09A3C /* Frameworks */ = {
			isa = PBXFrameworksBuildPhase;
			buildActionMask = 2147483647;
			files = (
				B397AEC2171E018D00F09A3C /* AssetsLibrary.framework in Frameworks */,
				B397AE93171DF43700F09A3C /* UIKit.framework in Frameworks */,
				B397AE95171DF43700F09A3C /* Foundation.framework in Frameworks */,
				B397AE97171DF43700F09A3C /* CoreGraphics.framework in Frameworks */,
				4B7E89022171482F814ACB81 /* libPods.a in Frameworks */,
			);
			runOnlyForDeploymentPostprocessing = 0;
		};
/* End PBXFrameworksBuildPhase section */

/* Begin PBXGroup section */
		B397AE86171DF43700F09A3C = {
			isa = PBXGroup;
			children = (
				B397AEAF171DF46300F09A3C /* Component */,
				B397AE98171DF43700F09A3C /* Demo App */,
				B397AE91171DF43700F09A3C /* Frameworks */,
				B397AE90171DF43700F09A3C /* Products */,
				6337CDE9C0AA439BA4837C3D /* Pods.xcconfig */,
			);
			sourceTree = "<group>";
		};
		B397AE90171DF43700F09A3C /* Products */ = {
			isa = PBXGroup;
			children = (
				B397AE8F171DF43700F09A3C /* DemoApp.app */,
			);
			name = Products;
			sourceTree = "<group>";
		};
		B397AE91171DF43700F09A3C /* Frameworks */ = {
			isa = PBXGroup;
			children = (
				B397AEC1171E018D00F09A3C /* AssetsLibrary.framework */,
				B397AE92171DF43700F09A3C /* UIKit.framework */,
				B397AE94171DF43700F09A3C /* Foundation.framework */,
				B397AE96171DF43700F09A3C /* CoreGraphics.framework */,
				F6126AB5C4D046579560468E /* libPods.a */,
			);
			name = Frameworks;
			sourceTree = "<group>";
		};
		B397AE98171DF43700F09A3C /* Demo App */ = {
			isa = PBXGroup;
			children = (
				B397AEA1171DF43700F09A3C /* AXAppDelegate.h */,
				B397AEA2171DF43700F09A3C /* AXAppDelegate.m */,
				B397AEB2171DF6C000F09A3C /* AXAppDemoViewController.h */,
				B397AEB3171DF6C000F09A3C /* AXAppDemoViewController.m */,
				B397AEB0171DF4A500F09A3C /* AXAppDemoViewController.xib */,
				B397AE99171DF43700F09A3C /* Supporting Files */,
			);
			name = "Demo App";
			path = DemoApp;
			sourceTree = "<group>";
		};
		B397AE99171DF43700F09A3C /* Supporting Files */ = {
			isa = PBXGroup;
			children = (
				B397AE9A171DF43700F09A3C /* DemoApp-Info.plist */,
				B397AE9B171DF43700F09A3C /* InfoPlist.strings */,
				B397AE9E171DF43700F09A3C /* main.m */,
				B397AEA0171DF43700F09A3C /* DemoApp-Prefix.pch */,
				B397AEA4171DF43700F09A3C /* Default.png */,
				B397AEA6171DF43700F09A3C /* Default@2x.png */,
				B397AEA8171DF43700F09A3C /* Default-568h@2x.png */,
			);
			name = "Supporting Files";
			sourceTree = "<group>";
		};
		B397AEAF171DF46300F09A3C /* Component */ = {
			isa = PBXGroup;
			children = (
				B397AEB8171DFD0A00F09A3C /* AXMediaUpload.h */,
				B397AEBB171DFD2500F09A3C /* AXMediaUploadController.h */,
				B397AEBC171DFD2500F09A3C /* AXMediaUploadController.m */,
				B397AEBE171E00AD00F09A3C /* AXMediaSelectionController.h */,
				B397AEBF171E00AD00F09A3C /* AXMediaSelectionController.m */,
				B397AECC171E207C00F09A3C /* AXMediaSelection.h */,
				B397AECD171E207C00F09A3C /* AXMediaSelection.m */,
				B397AEC6171E1E9600F09A3C /* ALAssetsLibrary+AXMediaUpload.h */,
				B397AEC7171E1E9600F09A3C /* ALAssetsLibrary+AXMediaUpload.m */,
			);
			name = Component;
			sourceTree = "<group>";
		};
/* End PBXGroup section */

/* Begin PBXNativeTarget section */
		B397AE8E171DF43700F09A3C /* DemoApp */ = {
			isa = PBXNativeTarget;
			buildConfigurationList = B397AEAC171DF43700F09A3C /* Build configuration list for PBXNativeTarget "DemoApp" */;
			buildPhases = (
				B397AE8B171DF43700F09A3C /* Sources */,
				B397AE8C171DF43700F09A3C /* Frameworks */,
				B397AE8D171DF43700F09A3C /* Resources */,
				13A1E998B33F4307AF35A0D0 /* Copy Pods Resources */,
			);
			buildRules = (
			);
			dependencies = (
			);
			name = DemoApp;
			productName = DemoApp;
			productReference = B397AE8F171DF43700F09A3C /* DemoApp.app */;
			productType = "com.apple.product-type.application";
		};
/* End PBXNativeTarget section */

/* Begin PBXProject section */
		B397AE87171DF43700F09A3C /* Project object */ = {
			isa = PBXProject;
			attributes = {
				CLASSPREFIX = AX;
				LastUpgradeCheck = 0460;
				ORGANIZATIONNAME = "James Savage <me@axiixc.com>";
			};
			buildConfigurationList = B397AE8A171DF43700F09A3C /* Build configuration list for PBXProject "DemoApp" */;
			compatibilityVersion = "Xcode 3.2";
			developmentRegion = English;
			hasScannedForEncodings = 0;
			knownRegions = (
				en,
			);
			mainGroup = B397AE86171DF43700F09A3C;
			productRefGroup = B397AE90171DF43700F09A3C /* Products */;
			projectDirPath = "";
			projectRoot = "";
			targets = (
				B397AE8E171DF43700F09A3C /* DemoApp */,
			);
		};
/* End PBXProject section */

/* Begin PBXResourcesBuildPhase section */
		B397AE8D171DF43700F09A3C /* Resources */ = {
			isa = PBXResourcesBuildPhase;
			buildActionMask = 2147483647;
			files = (
				B397AE9D171DF43700F09A3C /* InfoPlist.strings in Resources */,
				B397AEA5171DF43700F09A3C /* Default.png in Resources */,
				B397AEA7171DF43700F09A3C /* Default@2x.png in Resources */,
				B397AEA9171DF43700F09A3C /* Default-568h@2x.png in Resources */,
				B397AEB1171DF4A500F09A3C /* AXAppDemoViewController.xib in Resources */,
			);
			runOnlyForDeploymentPostprocessing = 0;
		};
/* End PBXResourcesBuildPhase section */

/* Begin PBXShellScriptBuildPhase section */
		13A1E998B33F4307AF35A0D0 /* Copy Pods Resources */ = {
			isa = PBXShellScriptBuildPhase;
			buildActionMask = 2147483647;
			files = (
			);
			inputPaths = (
			);
			name = "Copy Pods Resources";
			outputPaths = (
			);
			runOnlyForDeploymentPostprocessing = 0;
			shellPath = /bin/sh;
			shellScript = "\"${SRCROOT}/Pods/Pods-resources.sh\"\n";
		};
/* End PBXShellScriptBuildPhase section */

/* Begin PBXSourcesBuildPhase section */
		B397AE8B171DF43700F09A3C /* Sources */ = {
			isa = PBXSourcesBuildPhase;
			buildActionMask = 2147483647;
			files = (
				B397AE9F171DF43700F09A3C /* main.m in Sources */,
				B397AEA3171DF43700F09A3C /* AXAppDelegate.m in Sources */,
				B397AEB4171DF6C000F09A3C /* AXAppDemoViewController.m in Sources */,
				B397AEBD171DFD2500F09A3C /* AXMediaUploadController.m in Sources */,
				B397AEC0171E00AD00F09A3C /* AXMediaSelectionController.m in Sources */,
				B397AEC8171E1E9600F09A3C /* ALAssetsLibrary+AXMediaUpload.m in Sources */,
				B397AECE171E207D00F09A3C /* AXMediaSelection.m in Sources */,
			);
			runOnlyForDeploymentPostprocessing = 0;
		};
/* End PBXSourcesBuildPhase section */

/* Begin PBXVariantGroup section */
		B397AE9B171DF43700F09A3C /* InfoPlist.strings */ = {
			isa = PBXVariantGroup;
			children = (
				B397AE9C171DF43700F09A3C /* en */,
			);
			name = InfoPlist.strings;
			sourceTree = "<group>";
		};
/* End PBXVariantGroup section */

/* Begin XCBuildConfiguration section */
		B397AEAA171DF43700F09A3C /* Debug */ = {
			isa = XCBuildConfiguration;
			buildSettings = {
				ALWAYS_SEARCH_USER_PATHS = NO;
				CLANG_CXX_LANGUAGE_STANDARD = "gnu++0x";
				CLANG_CXX_LIBRARY = "libc++";
				CLANG_ENABLE_OBJC_ARC = YES;
				CLANG_WARN_CONSTANT_CONVERSION = YES;
				CLANG_WARN_EMPTY_BODY = YES;
				CLANG_WARN_ENUM_CONVERSION = YES;
				CLANG_WARN_INT_CONVERSION = YES;
				CLANG_WARN__DUPLICATE_METHOD_MATCH = YES;
				"CODE_SIGN_IDENTITY[sdk=iphoneos*]" = "iPhone Developer";
				COPY_PHASE_STRIP = NO;
				GCC_C_LANGUAGE_STANDARD = gnu99;
				GCC_DYNAMIC_NO_PIC = NO;
				GCC_OPTIMIZATION_LEVEL = 0;
				GCC_PREPROCESSOR_DEFINITIONS = (
					"DEBUG=1",
					"$(inherited)",
				);
				GCC_SYMBOLS_PRIVATE_EXTERN = NO;
				GCC_WARN_ABOUT_RETURN_TYPE = YES;
				GCC_WARN_UNINITIALIZED_AUTOS = YES;
				GCC_WARN_UNUSED_VARIABLE = YES;
				IPHONEOS_DEPLOYMENT_TARGET = 6.1;
				ONLY_ACTIVE_ARCH = YES;
				SDKROOT = iphoneos;
			};
			name = Debug;
		};
		B397AEAB171DF43700F09A3C /* Release */ = {
			isa = XCBuildConfiguration;
			buildSettings = {
				ALWAYS_SEARCH_USER_PATHS = NO;
				CLANG_CXX_LANGUAGE_STANDARD = "gnu++0x";
				CLANG_CXX_LIBRARY = "libc++";
				CLANG_ENABLE_OBJC_ARC = YES;
				CLANG_WARN_CONSTANT_CONVERSION = YES;
				CLANG_WARN_EMPTY_BODY = YES;
				CLANG_WARN_ENUM_CONVERSION = YES;
				CLANG_WARN_INT_CONVERSION = YES;
				CLANG_WARN__DUPLICATE_METHOD_MATCH = YES;
				"CODE_SIGN_IDENTITY[sdk=iphoneos*]" = "iPhone Developer";
				COPY_PHASE_STRIP = YES;
				GCC_C_LANGUAGE_STANDARD = gnu99;
				GCC_WARN_ABOUT_RETURN_TYPE = YES;
				GCC_WARN_UNINITIALIZED_AUTOS = YES;
				GCC_WARN_UNUSED_VARIABLE = YES;
				IPHONEOS_DEPLOYMENT_TARGET = 6.1;
				OTHER_CFLAGS = "-DNS_BLOCK_ASSERTIONS=1";
				SDKROOT = iphoneos;
				VALIDATE_PRODUCT = YES;
			};
			name = Release;
		};
		B397AEAD171DF43700F09A3C /* Debug */ = {
			isa = XCBuildConfiguration;
			baseConfigurationReference = 6337CDE9C0AA439BA4837C3D /* Pods.xcconfig */;
			buildSettings = {
				GCC_PRECOMPILE_PREFIX_HEADER = YES;
				GCC_PREFIX_HEADER = "DemoApp/DemoApp-Prefix.pch";
				INFOPLIST_FILE = "DemoApp/DemoApp-Info.plist";
				IPHONEOS_DEPLOYMENT_TARGET = 6.0;
				PRODUCT_NAME = "$(TARGET_NAME)";
				WRAPPER_EXTENSION = app;
			};
			name = Debug;
		};
		B397AEAE171DF43700F09A3C /* Release */ = {
			isa = XCBuildConfiguration;
			baseConfigurationReference = 6337CDE9C0AA439BA4837C3D /* Pods.xcconfig */;
			buildSettings = {
				GCC_PRECOMPILE_PREFIX_HEADER = YES;
				GCC_PREFIX_HEADER = "DemoApp/DemoApp-Prefix.pch";
				INFOPLIST_FILE = "DemoApp/DemoApp-Info.plist";
				IPHONEOS_DEPLOYMENT_TARGET = 6.0;
				PRODUCT_NAME = "$(TARGET_NAME)";
				WRAPPER_EXTENSION = app;
			};
			name = Release;
		};
/* End XCBuildConfiguration section */

/* Begin XCConfigurationList section */
		B397AE8A171DF43700F09A3C /* Build configuration list for PBXProject "DemoApp" */ = {
			isa = XCConfigurationList;
			buildConfigurations = (
				B397AEAA171DF43700F09A3C /* Debug */,
				B397AEAB171DF43700F09A3C /* Release */,
			);
			defaultConfigurationIsVisible = 0;
			defaultConfigurationName = Release;
		};
		B397AEAC171DF43700F09A3C /* Build configuration list for PBXNativeTarget "DemoApp" */ = {
			isa = XCConfigurationList;
			buildConfigurations = (
				B397AEAD171DF43700F09A3C /* Debug */,
				B397AEAE171DF43700F09A3C /* Release */,
			);
			defaultConfigurationIsVisible = 0;
			defaultConfigurationName = Release;
		};
/* End XCConfigurationList section */
	};
	rootObject = B397AE87171DF43700F09A3C /* Project object */;
}
